// !$*UTF8*$!
{
	archiveVersion = 1;
	classes = {
	};
	objectVersion = 55;
	objects = {

/* Begin PBXBuildFile section */
		02ADAA6B2741278A00CB818F /* landmarkData.json in Resources */ = {isa = PBXBuildFile; fileRef = 02ADAA6A2741278A00CB818F /* landmarkData.json */; };
		02ADAA6C2741278A00CB818F /* landmarkData.json in Resources */ = {isa = PBXBuildFile; fileRef = 02ADAA6A2741278A00CB818F /* landmarkData.json */; };
		02ADAA6E2741282C00CB818F /* Landmark.swift in Sources */ = {isa = PBXBuildFile; fileRef = 02ADAA6D2741282C00CB818F /* Landmark.swift */; };
		02ADAA6F2741282C00CB818F /* Landmark.swift in Sources */ = {isa = PBXBuildFile; fileRef = 02ADAA6D2741282C00CB818F /* Landmark.swift */; };
		02ADAA71274129EE00CB818F /* ModelData.swift in Sources */ = {isa = PBXBuildFile; fileRef = 02ADAA70274129EE00CB818F /* ModelData.swift */; };
		02ADAA72274129EE00CB818F /* ModelData.swift in Sources */ = {isa = PBXBuildFile; fileRef = 02ADAA70274129EE00CB818F /* ModelData.swift */; };
		02ADAA7727412B5300CB818F /* LandmarkRow.swift in Sources */ = {isa = PBXBuildFile; fileRef = 02ADAA7627412B5300CB818F /* LandmarkRow.swift */; };
		02ADAA7827412B5300CB818F /* LandmarkRow.swift in Sources */ = {isa = PBXBuildFile; fileRef = 02ADAA7627412B5300CB818F /* LandmarkRow.swift */; };
		02ADAA7A27412DA900CB818F /* LandmarkList.swift in Sources */ = {isa = PBXBuildFile; fileRef = 02ADAA7927412DA900CB818F /* LandmarkList.swift */; };
		02ADAA7B27412DA900CB818F /* LandmarkList.swift in Sources */ = {isa = PBXBuildFile; fileRef = 02ADAA7927412DA900CB818F /* LandmarkList.swift */; };
		02ADAA7D27412E6500CB818F /* LandmarkDetail.swift in Sources */ = {isa = PBXBuildFile; fileRef = 02ADAA7C27412E6500CB818F /* LandmarkDetail.swift */; };
		02ADAA7E27412E6500CB818F /* LandmarkDetail.swift in Sources */ = {isa = PBXBuildFile; fileRef = 02ADAA7C27412E6500CB818F /* LandmarkDetail.swift */; };
		02ADAA8027413F7600CB818F /* FavoriteButton.swift in Sources */ = {isa = PBXBuildFile; fileRef = 02ADAA7F27413F7600CB818F /* FavoriteButton.swift */; };
		02ADAA8127413F7600CB818F /* FavoriteButton.swift in Sources */ = {isa = PBXBuildFile; fileRef = 02ADAA7F27413F7600CB818F /* FavoriteButton.swift */; };
		02ADAA852741422600CB818F /* HexagonParameters.swift in Sources */ = {isa = PBXBuildFile; fileRef = 02ADAA842741422600CB818F /* HexagonParameters.swift */; };
		02ADAA862741422600CB818F /* HexagonParameters.swift in Sources */ = {isa = PBXBuildFile; fileRef = 02ADAA842741422600CB818F /* HexagonParameters.swift */; };
		02ADAA882741438E00CB818F /* BadgeBackground.swift in Sources */ = {isa = PBXBuildFile; fileRef = 02ADAA872741438E00CB818F /* BadgeBackground.swift */; };
		02ADAA892741438E00CB818F /* BadgeBackground.swift in Sources */ = {isa = PBXBuildFile; fileRef = 02ADAA872741438E00CB818F /* BadgeBackground.swift */; };
		02ADAA8B2741445F00CB818F /* BadgeSymbol.swift in Sources */ = {isa = PBXBuildFile; fileRef = 02ADAA8A2741445F00CB818F /* BadgeSymbol.swift */; };
		02ADAA8C2741445F00CB818F /* BadgeSymbol.swift in Sources */ = {isa = PBXBuildFile; fileRef = 02ADAA8A2741445F00CB818F /* BadgeSymbol.swift */; };
		02ADAA8E2741448B00CB818F /* RotatedBadgeSymbol.swift in Sources */ = {isa = PBXBuildFile; fileRef = 02ADAA8D2741448B00CB818F /* RotatedBadgeSymbol.swift */; };
		02ADAA8F2741448B00CB818F /* RotatedBadgeSymbol.swift in Sources */ = {isa = PBXBuildFile; fileRef = 02ADAA8D2741448B00CB818F /* RotatedBadgeSymbol.swift */; };
		02ADAA91274144AA00CB818F /* Badge.swift in Sources */ = {isa = PBXBuildFile; fileRef = 02ADAA90274144AA00CB818F /* Badge.swift */; };
		02ADAA92274144AA00CB818F /* Badge.swift in Sources */ = {isa = PBXBuildFile; fileRef = 02ADAA90274144AA00CB818F /* Badge.swift */; };
		02DA2C0F274120D10043051D /* Tests_iOS.swift in Sources */ = {isa = PBXBuildFile; fileRef = 02DA2C0E274120D10043051D /* Tests_iOS.swift */; };
		02DA2C11274120D10043051D /* Tests_iOSLaunchTests.swift in Sources */ = {isa = PBXBuildFile; fileRef = 02DA2C10274120D10043051D /* Tests_iOSLaunchTests.swift */; };
		02DA2C1B274120D10043051D /* Tests_macOS.swift in Sources */ = {isa = PBXBuildFile; fileRef = 02DA2C1A274120D10043051D /* Tests_macOS.swift */; };
		02DA2C1D274120D10043051D /* Tests_macOSLaunchTests.swift in Sources */ = {isa = PBXBuildFile; fileRef = 02DA2C1C274120D10043051D /* Tests_macOSLaunchTests.swift */; };
		02DA2C1E274120D10043051D /* LandmarksApp.swift in Sources */ = {isa = PBXBuildFile; fileRef = 02DA2BF6274120CF0043051D /* LandmarksApp.swift */; };
		02DA2C1F274120D10043051D /* LandmarksApp.swift in Sources */ = {isa = PBXBuildFile; fileRef = 02DA2BF6274120CF0043051D /* LandmarksApp.swift */; };
		02DA2C20274120D10043051D /* ContentView.swift in Sources */ = {isa = PBXBuildFile; fileRef = 02DA2BF7274120CF0043051D /* ContentView.swift */; };
		02DA2C21274120D10043051D /* ContentView.swift in Sources */ = {isa = PBXBuildFile; fileRef = 02DA2BF7274120CF0043051D /* ContentView.swift */; };
		02DA2C22274120D10043051D /* Assets.xcassets in Resources */ = {isa = PBXBuildFile; fileRef = 02DA2BF8274120D10043051D /* Assets.xcassets */; };
		02DA2C23274120D10043051D /* Assets.xcassets in Resources */ = {isa = PBXBuildFile; fileRef = 02DA2BF8274120D10043051D /* Assets.xcassets */; };
		02DA2C33274123710043051D /* CircleImage.swift in Sources */ = {isa = PBXBuildFile; fileRef = 02DA2C32274123710043051D /* CircleImage.swift */; };
		02DA2C34274123710043051D /* CircleImage.swift in Sources */ = {isa = PBXBuildFile; fileRef = 02DA2C32274123710043051D /* CircleImage.swift */; };
		02DA2C36274124040043051D /* MapView.swift in Sources */ = {isa = PBXBuildFile; fileRef = 02DA2C35274124040043051D /* MapView.swift */; };
		02DA2C37274124040043051D /* MapView.swift in Sources */ = {isa = PBXBuildFile; fileRef = 02DA2C35274124040043051D /* MapView.swift */; };
/* End PBXBuildFile section */

/* Begin PBXContainerItemProxy section */
		02DA2C0B274120D10043051D /* PBXContainerItemProxy */ = {
			isa = PBXContainerItemProxy;
			containerPortal = 02DA2BF1274120CF0043051D /* Project object */;
			proxyType = 1;
			remoteGlobalIDString = 02DA2BFC274120D10043051D;
			remoteInfo = "Landmarks (iOS)";
		};
		02DA2C17274120D10043051D /* PBXContainerItemProxy */ = {
			isa = PBXContainerItemProxy;
			containerPortal = 02DA2BF1274120CF0043051D /* Project object */;
			proxyType = 1;
			remoteGlobalIDString = 02DA2C02274120D10043051D;
			remoteInfo = "Landmarks (macOS)";
		};
/* End PBXContainerItemProxy section */

/* Begin PBXFileReference section */
		02ADAA6A2741278A00CB818F /* landmarkData.json */ = {isa = PBXFileReference; fileEncoding = 4; lastKnownFileType = text.json; path = landmarkData.json; sourceTree = "<group>"; };
		02ADAA6D2741282C00CB818F /* Landmark.swift */ = {isa = PBXFileReference; lastKnownFileType = sourcecode.swift; path = Landmark.swift; sourceTree = "<group>"; };
		02ADAA70274129EE00CB818F /* ModelData.swift */ = {isa = PBXFileReference; lastKnownFileType = sourcecode.swift; path = ModelData.swift; sourceTree = "<group>"; };
		02ADAA7627412B5300CB818F /* LandmarkRow.swift */ = {isa = PBXFileReference; lastKnownFileType = sourcecode.swift; path = LandmarkRow.swift; sourceTree = "<group>"; };
		02ADAA7927412DA900CB818F /* LandmarkList.swift */ = {isa = PBXFileReference; lastKnownFileType = sourcecode.swift; path = LandmarkList.swift; sourceTree = "<group>"; };
		02ADAA7C27412E6500CB818F /* LandmarkDetail.swift */ = {isa = PBXFileReference; lastKnownFileType = sourcecode.swift; path = LandmarkDetail.swift; sourceTree = "<group>"; };
		02ADAA7F27413F7600CB818F /* FavoriteButton.swift */ = {isa = PBXFileReference; lastKnownFileType = sourcecode.swift; path = FavoriteButton.swift; sourceTree = "<group>"; };
		02ADAA842741422600CB818F /* HexagonParameters.swift */ = {isa = PBXFileReference; lastKnownFileType = sourcecode.swift; path = HexagonParameters.swift; sourceTree = "<group>"; };
		02ADAA872741438E00CB818F /* BadgeBackground.swift */ = {isa = PBXFileReference; lastKnownFileType = sourcecode.swift; path = BadgeBackground.swift; sourceTree = "<group>"; };
		02ADAA8A2741445F00CB818F /* BadgeSymbol.swift */ = {isa = PBXFileReference; lastKnownFileType = sourcecode.swift; path = BadgeSymbol.swift; sourceTree = "<group>"; };
		02ADAA8D2741448B00CB818F /* RotatedBadgeSymbol.swift */ = {isa = PBXFileReference; lastKnownFileType = sourcecode.swift; path = RotatedBadgeSymbol.swift; sourceTree = "<group>"; };
		02ADAA90274144AA00CB818F /* Badge.swift */ = {isa = PBXFileReference; lastKnownFileType = sourcecode.swift; path = Badge.swift; sourceTree = "<group>"; };
		02DA2BF6274120CF0043051D /* LandmarksApp.swift */ = {isa = PBXFileReference; lastKnownFileType = sourcecode.swift; path = LandmarksApp.swift; sourceTree = "<group>"; };
		02DA2BF7274120CF0043051D /* ContentView.swift */ = {isa = PBXFileReference; lastKnownFileType = sourcecode.swift; path = ContentView.swift; sourceTree = "<group>"; };
		02DA2BF8274120D10043051D /* Assets.xcassets */ = {isa = PBXFileReference; lastKnownFileType = folder.assetcatalog; path = Assets.xcassets; sourceTree = "<group>"; };
		02DA2BFD274120D10043051D /* Landmarks.app */ = {isa = PBXFileReference; explicitFileType = wrapper.application; includeInIndex = 0; path = Landmarks.app; sourceTree = BUILT_PRODUCTS_DIR; };
		02DA2C03274120D10043051D /* Landmarks.app */ = {isa = PBXFileReference; explicitFileType = wrapper.application; includeInIndex = 0; path = Landmarks.app; sourceTree = BUILT_PRODUCTS_DIR; };
		02DA2C05274120D10043051D /* macOS.entitlements */ = {isa = PBXFileReference; lastKnownFileType = text.plist.entitlements; path = macOS.entitlements; sourceTree = "<group>"; };
		02DA2C0A274120D10043051D /* Tests iOS.xctest */ = {isa = PBXFileReference; explicitFileType = wrapper.cfbundle; includeInIndex = 0; path = "Tests iOS.xctest"; sourceTree = BUILT_PRODUCTS_DIR; };
		02DA2C0E274120D10043051D /* Tests_iOS.swift */ = {isa = PBXFileReference; lastKnownFileType = sourcecode.swift; path = Tests_iOS.swift; sourceTree = "<group>"; };
		02DA2C10274120D10043051D /* Tests_iOSLaunchTests.swift */ = {isa = PBXFileReference; lastKnownFileType = sourcecode.swift; path = Tests_iOSLaunchTests.swift; sourceTree = "<group>"; };
		02DA2C16274120D10043051D /* Tests macOS.xctest */ = {isa = PBXFileReference; explicitFileType = wrapper.cfbundle; includeInIndex = 0; path = "Tests macOS.xctest"; sourceTree = BUILT_PRODUCTS_DIR; };
		02DA2C1A274120D10043051D /* Tests_macOS.swift */ = {isa = PBXFileReference; lastKnownFileType = sourcecode.swift; path = Tests_macOS.swift; sourceTree = "<group>"; };
		02DA2C1C274120D10043051D /* Tests_macOSLaunchTests.swift */ = {isa = PBXFileReference; lastKnownFileType = sourcecode.swift; path = Tests_macOSLaunchTests.swift; sourceTree = "<group>"; };
		02DA2C32274123710043051D /* CircleImage.swift */ = {isa = PBXFileReference; lastKnownFileType = sourcecode.swift; path = CircleImage.swift; sourceTree = "<group>"; };
		02DA2C35274124040043051D /* MapView.swift */ = {isa = PBXFileReference; lastKnownFileType = sourcecode.swift; path = MapView.swift; sourceTree = "<group>"; };
/* End PBXFileReference section */

/* Begin PBXFrameworksBuildPhase section */
		02DA2BFA274120D10043051D /* Frameworks */ = {
			isa = PBXFrameworksBuildPhase;
			buildActionMask = 2147483647;
			files = (
			);
			runOnlyForDeploymentPostprocessing = 0;
		};
		02DA2C00274120D10043051D /* Frameworks */ = {
			isa = PBXFrameworksBuildPhase;
			buildActionMask = 2147483647;
			files = (
			);
			runOnlyForDeploymentPostprocessing = 0;
		};
		02DA2C07274120D10043051D /* Frameworks */ = {
			isa = PBXFrameworksBuildPhase;
			buildActionMask = 2147483647;
			files = (
			);
			runOnlyForDeploymentPostprocessing = 0;
		};
		02DA2C13274120D10043051D /* Frameworks */ = {
			isa = PBXFrameworksBuildPhase;
			buildActionMask = 2147483647;
			files = (
			);
			runOnlyForDeploymentPostprocessing = 0;
		};
/* End PBXFrameworksBuildPhase section */

/* Begin PBXGroup section */
		02ADAA7327412ADA00CB818F /* Views */ = {
			isa = PBXGroup;
			children = (
				02ADAA93274144DB00CB818F /* Badge */,
				02DA2BF7274120CF0043051D /* ContentView.swift */,
				02ADAA832741400B00CB818F /* Helpers */,
				02ADAA8227413FFA00CB818F /* Landmarks */,
				02ADAA842741422600CB818F /* HexagonParameters.swift */,
			);
			path = Views;
			sourceTree = "<group>";
		};
		02ADAA7427412AE100CB818F /* Model */ = {
			isa = PBXGroup;
			children = (
				02ADAA6D2741282C00CB818F /* Landmark.swift */,
				02ADAA70274129EE00CB818F /* ModelData.swift */,
			);
			path = Model;
			sourceTree = "<group>";
		};
		02ADAA7527412AE700CB818F /* Resources */ = {
			isa = PBXGroup;
			children = (
				02ADAA6A2741278A00CB818F /* landmarkData.json */,
			);
			path = Resources;
			sourceTree = "<group>";
		};
		02ADAA8227413FFA00CB818F /* Landmarks */ = {
			isa = PBXGroup;
			children = (
				02ADAA7627412B5300CB818F /* LandmarkRow.swift */,
				02ADAA7927412DA900CB818F /* LandmarkList.swift */,
				02ADAA7C27412E6500CB818F /* LandmarkDetail.swift */,
			);
			path = Landmarks;
			sourceTree = "<group>";
		};
		02ADAA832741400B00CB818F /* Helpers */ = {
			isa = PBXGroup;
			children = (
				02DA2C32274123710043051D /* CircleImage.swift */,
				02DA2C35274124040043051D /* MapView.swift */,
				02ADAA7F27413F7600CB818F /* FavoriteButton.swift */,
			);
			path = Helpers;
			sourceTree = "<group>";
		};
		02ADAA93274144DB00CB818F /* Badge */ = {
			isa = PBXGroup;
			children = (
				02ADAA872741438E00CB818F /* BadgeBackground.swift */,
				02ADAA8A2741445F00CB818F /* BadgeSymbol.swift */,
				02ADAA8D2741448B00CB818F /* RotatedBadgeSymbol.swift */,
				02ADAA90274144AA00CB818F /* Badge.swift */,
			);
			path = Badge;
			sourceTree = "<group>";
		};
		02DA2BF0274120CF0043051D = {
			isa = PBXGroup;
			children = (
				02DA2BF5274120CF0043051D /* Shared */,
				02DA2C04274120D10043051D /* macOS */,
				02DA2C0D274120D10043051D /* Tests iOS */,
				02DA2C19274120D10043051D /* Tests macOS */,
				02DA2BFE274120D10043051D /* Products */,
			);
			sourceTree = "<group>";
		};
		02DA2BF5274120CF0043051D /* Shared */ = {
			isa = PBXGroup;
			children = (
				02ADAA7527412AE700CB818F /* Resources */,
				02ADAA7427412AE100CB818F /* Model */,
				02ADAA7327412ADA00CB818F /* Views */,
				02DA2BF6274120CF0043051D /* LandmarksApp.swift */,
				02DA2BF8274120D10043051D /* Assets.xcassets */,
			);
			path = Shared;
			sourceTree = "<group>";
		};
		02DA2BFE274120D10043051D /* Products */ = {
			isa = PBXGroup;
			children = (
				02DA2BFD274120D10043051D /* Landmarks.app */,
				02DA2C03274120D10043051D /* Landmarks.app */,
				02DA2C0A274120D10043051D /* Tests iOS.xctest */,
				02DA2C16274120D10043051D /* Tests macOS.xctest */,
			);
			name = Products;
			sourceTree = "<group>";
		};
		02DA2C04274120D10043051D /* macOS */ = {
			isa = PBXGroup;
			children = (
				02DA2C05274120D10043051D /* macOS.entitlements */,
			);
			path = macOS;
			sourceTree = "<group>";
		};
		02DA2C0D274120D10043051D /* Tests iOS */ = {
			isa = PBXGroup;
			children = (
				02DA2C0E274120D10043051D /* Tests_iOS.swift */,
				02DA2C10274120D10043051D /* Tests_iOSLaunchTests.swift */,
			);
			path = "Tests iOS";
			sourceTree = "<group>";
		};
		02DA2C19274120D10043051D /* Tests macOS */ = {
			isa = PBXGroup;
			children = (
				02DA2C1A274120D10043051D /* Tests_macOS.swift */,
				02DA2C1C274120D10043051D /* Tests_macOSLaunchTests.swift */,
			);
			path = "Tests macOS";
			sourceTree = "<group>";
		};
/* End PBXGroup section */

/* Begin PBXNativeTarget section */
		02DA2BFC274120D10043051D /* Landmarks (iOS) */ = {
			isa = PBXNativeTarget;
			buildConfigurationList = 02DA2C26274120D10043051D /* Build configuration list for PBXNativeTarget "Landmarks (iOS)" */;
			buildPhases = (
				02DA2BF9274120D10043051D /* Sources */,
				02DA2BFA274120D10043051D /* Frameworks */,
				02DA2BFB274120D10043051D /* Resources */,
			);
			buildRules = (
			);
			dependencies = (
			);
			name = "Landmarks (iOS)";
			productName = "Landmarks (iOS)";
			productReference = 02DA2BFD274120D10043051D /* Landmarks.app */;
			productType = "com.apple.product-type.application";
		};
		02DA2C02274120D10043051D /* Landmarks (macOS) */ = {
			isa = PBXNativeTarget;
			buildConfigurationList = 02DA2C29274120D10043051D /* Build configuration list for PBXNativeTarget "Landmarks (macOS)" */;
			buildPhases = (
				02DA2BFF274120D10043051D /* Sources */,
				02DA2C00274120D10043051D /* Frameworks */,
				02DA2C01274120D10043051D /* Resources */,
			);
			buildRules = (
			);
			dependencies = (
			);
			name = "Landmarks (macOS)";
			productName = "Landmarks (macOS)";
			productReference = 02DA2C03274120D10043051D /* Landmarks.app */;
			productType = "com.apple.product-type.application";
		};
		02DA2C09274120D10043051D /* Tests iOS */ = {
			isa = PBXNativeTarget;
			buildConfigurationList = 02DA2C2C274120D10043051D /* Build configuration list for PBXNativeTarget "Tests iOS" */;
			buildPhases = (
				02DA2C06274120D10043051D /* Sources */,
				02DA2C07274120D10043051D /* Frameworks */,
				02DA2C08274120D10043051D /* Resources */,
			);
			buildRules = (
			);
			dependencies = (
				02DA2C0C274120D10043051D /* PBXTargetDependency */,
			);
			name = "Tests iOS";
			productName = "Tests iOS";
			productReference = 02DA2C0A274120D10043051D /* Tests iOS.xctest */;
			productType = "com.apple.product-type.bundle.ui-testing";
		};
		02DA2C15274120D10043051D /* Tests macOS */ = {
			isa = PBXNativeTarget;
			buildConfigurationList = 02DA2C2F274120D10043051D /* Build configuration list for PBXNativeTarget "Tests macOS" */;
			buildPhases = (
				02DA2C12274120D10043051D /* Sources */,
				02DA2C13274120D10043051D /* Frameworks */,
				02DA2C14274120D10043051D /* Resources */,
			);
			buildRules = (
			);
			dependencies = (
				02DA2C18274120D10043051D /* PBXTargetDependency */,
			);
			name = "Tests macOS";
			productName = "Tests macOS";
			productReference = 02DA2C16274120D10043051D /* Tests macOS.xctest */;
			productType = "com.apple.product-type.bundle.ui-testing";
		};
/* End PBXNativeTarget section */

/* Begin PBXProject section */
		02DA2BF1274120CF0043051D /* Project object */ = {
			isa = PBXProject;
			attributes = {
				BuildIndependentTargetsInParallel = 1;
				LastSwiftUpdateCheck = 1310;
				LastUpgradeCheck = 1310;
				TargetAttributes = {
					02DA2BFC274120D10043051D = {
						CreatedOnToolsVersion = 13.1;
					};
					02DA2C02274120D10043051D = {
						CreatedOnToolsVersion = 13.1;
					};
					02DA2C09274120D10043051D = {
						CreatedOnToolsVersion = 13.1;
						TestTargetID = 02DA2BFC274120D10043051D;
					};
					02DA2C15274120D10043051D = {
						CreatedOnToolsVersion = 13.1;
						TestTargetID = 02DA2C02274120D10043051D;
					};
				};
			};
			buildConfigurationList = 02DA2BF4274120CF0043051D /* Build configuration list for PBXProject "Landmarks" */;
			compatibilityVersion = "Xcode 13.0";
			developmentRegion = en;
			hasScannedForEncodings = 0;
			knownRegions = (
				en,
				Base,
			);
			mainGroup = 02DA2BF0274120CF0043051D;
			productRefGroup = 02DA2BFE274120D10043051D /* Products */;
			projectDirPath = "";
			projectRoot = "";
			targets = (
				02DA2BFC274120D10043051D /* Landmarks (iOS) */,
				02DA2C02274120D10043051D /* Landmarks (macOS) */,
				02DA2C09274120D10043051D /* Tests iOS */,
				02DA2C15274120D10043051D /* Tests macOS */,
			);
		};
/* End PBXProject section */

/* Begin PBXResourcesBuildPhase section */
		02DA2BFB274120D10043051D /* Resources */ = {
			isa = PBXResourcesBuildPhase;
			buildActionMask = 2147483647;
			files = (
				02DA2C22274120D10043051D /* Assets.xcassets in Resources */,
				02ADAA6B2741278A00CB818F /* landmarkData.json in Resources */,
			);
			runOnlyForDeploymentPostprocessing = 0;
		};
		02DA2C01274120D10043051D /* Resources */ = {
			isa = PBXResourcesBuildPhase;
			buildActionMask = 2147483647;
			files = (
				02DA2C23274120D10043051D /* Assets.xcassets in Resources */,
				02ADAA6C2741278A00CB818F /* landmarkData.json in Resources */,
			);
			runOnlyForDeploymentPostprocessing = 0;
		};
		02DA2C08274120D10043051D /* Resources */ = {
			isa = PBXResourcesBuildPhase;
			buildActionMask = 2147483647;
			files = (
			);
			runOnlyForDeploymentPostprocessing = 0;
		};
		02DA2C14274120D10043051D /* Resources */ = {
			isa = PBXResourcesBuildPhase;
			buildActionMask = 2147483647;
			files = (
			);
			runOnlyForDeploymentPostprocessing = 0;
		};
/* End PBXResourcesBuildPhase section */

/* Begin PBXSourcesBuildPhase section */
		02DA2BF9274120D10043051D /* Sources */ = {
			isa = PBXSourcesBuildPhase;
			buildActionMask = 2147483647;
			files = (
				02DA2C20274120D10043051D /* ContentView.swift in Sources */,
				02ADAA91274144AA00CB818F /* Badge.swift in Sources */,
				02DA2C36274124040043051D /* MapView.swift in Sources */,
				02DA2C1E274120D10043051D /* LandmarksApp.swift in Sources */,
				02ADAA8027413F7600CB818F /* FavoriteButton.swift in Sources */,
				02ADAA852741422600CB818F /* HexagonParameters.swift in Sources */,
				02ADAA8E2741448B00CB818F /* RotatedBadgeSymbol.swift in Sources */,
				02ADAA8B2741445F00CB818F /* BadgeSymbol.swift in Sources */,
				02ADAA7A27412DA900CB818F /* LandmarkList.swift in Sources */,
				02ADAA7D27412E6500CB818F /* LandmarkDetail.swift in Sources */,
				02ADAA882741438E00CB818F /* BadgeBackground.swift in Sources */,
				02DA2C33274123710043051D /* CircleImage.swift in Sources */,
				02ADAA6E2741282C00CB818F /* Landmark.swift in Sources */,
				02ADAA7727412B5300CB818F /* LandmarkRow.swift in Sources */,
				02ADAA71274129EE00CB818F /* ModelData.swift in Sources */,
			);
			runOnlyForDeploymentPostprocessing = 0;
		};
		02DA2BFF274120D10043051D /* Sources */ = {
			isa = PBXSourcesBuildPhase;
			buildActionMask = 2147483647;
			files = (
				02DA2C21274120D10043051D /* ContentView.swift in Sources */,
				02ADAA92274144AA00CB818F /* Badge.swift in Sources */,
				02DA2C37274124040043051D /* MapView.swift in Sources */,
				02DA2C1F274120D10043051D /* LandmarksApp.swift in Sources */,
				02ADAA8127413F7600CB818F /* FavoriteButton.swift in Sources */,
				02ADAA862741422600CB818F /* HexagonParameters.swift in Sources */,
				02ADAA8F2741448B00CB818F /* RotatedBadgeSymbol.swift in Sources */,
				02ADAA8C2741445F00CB818F /* BadgeSymbol.swift in Sources */,
				02ADAA7B27412DA900CB818F /* LandmarkList.swift in Sources */,
				02ADAA7E27412E6500CB818F /* LandmarkDetail.swift in Sources */,
				02ADAA892741438E00CB818F /* BadgeBackground.swift in Sources */,
				02DA2C34274123710043051D /* CircleImage.swift in Sources */,
				02ADAA6F2741282C00CB818F /* Landmark.swift in Sources */,
				02ADAA7827412B5300CB818F /* LandmarkRow.swift in Sources */,
				02ADAA72274129EE00CB818F /* ModelData.swift in Sources */,
			);
			runOnlyForDeploymentPostprocessing = 0;
		};
		02DA2C06274120D10043051D /* Sources */ = {
			isa = PBXSourcesBuildPhase;
			buildActionMask = 2147483647;
			files = (
				02DA2C11274120D10043051D /* Tests_iOSLaunchTests.swift in Sources */,
				02DA2C0F274120D10043051D /* Tests_iOS.swift in Sources */,
			);
			runOnlyForDeploymentPostprocessing = 0;
		};
		02DA2C12274120D10043051D /* Sources */ = {
			isa = PBXSourcesBuildPhase;
			buildActionMask = 2147483647;
			files = (
				02DA2C1D274120D10043051D /* Tests_macOSLaunchTests.swift in Sources */,
				02DA2C1B274120D10043051D /* Tests_macOS.swift in Sources */,
			);
			runOnlyForDeploymentPostprocessing = 0;
		};
/* End PBXSourcesBuildPhase section */

/* Begin PBXTargetDependency section */
		02DA2C0C274120D10043051D /* PBXTargetDependency */ = {
			isa = PBXTargetDependency;
			target = 02DA2BFC274120D10043051D /* Landmarks (iOS) */;
			targetProxy = 02DA2C0B274120D10043051D /* PBXContainerItemProxy */;
		};
		02DA2C18274120D10043051D /* PBXTargetDependency */ = {
			isa = PBXTargetDependency;
			target = 02DA2C02274120D10043051D /* Landmarks (macOS) */;
			targetProxy = 02DA2C17274120D10043051D /* PBXContainerItemProxy */;
		};
/* End PBXTargetDependency section */

/* Begin XCBuildConfiguration section */
		02DA2C24274120D10043051D /* Debug */ = {
			isa = XCBuildConfiguration;
			buildSettings = {
				ALWAYS_SEARCH_USER_PATHS = NO;
				CLANG_ANALYZER_NONNULL = YES;
				CLANG_ANALYZER_NUMBER_OBJECT_CONVERSION = YES_AGGRESSIVE;
				CLANG_CXX_LANGUAGE_STANDARD = "gnu++17";
				CLANG_CXX_LIBRARY = "libc++";
				CLANG_ENABLE_MODULES = YES;
				CLANG_ENABLE_OBJC_ARC = YES;
				CLANG_ENABLE_OBJC_WEAK = YES;
				CLANG_WARN_BLOCK_CAPTURE_AUTORELEASING = YES;
				CLANG_WARN_BOOL_CONVERSION = YES;
				CLANG_WARN_COMMA = YES;
				CLANG_WARN_CONSTANT_CONVERSION = YES;
				CLANG_WARN_DEPRECATED_OBJC_IMPLEMENTATIONS = YES;
				CLANG_WARN_DIRECT_OBJC_ISA_USAGE = YES_ERROR;
				CLANG_WARN_DOCUMENTATION_COMMENTS = YES;
				CLANG_WARN_EMPTY_BODY = YES;
				CLANG_WARN_ENUM_CONVERSION = YES;
				CLANG_WARN_INFINITE_RECURSION = YES;
				CLANG_WARN_INT_CONVERSION = YES;
				CLANG_WARN_NON_LITERAL_NULL_CONVERSION = YES;
				CLANG_WARN_OBJC_IMPLICIT_RETAIN_SELF = YES;
				CLANG_WARN_OBJC_LITERAL_CONVERSION = YES;
				CLANG_WARN_OBJC_ROOT_CLASS = YES_ERROR;
				CLANG_WARN_QUOTED_INCLUDE_IN_FRAMEWORK_HEADER = YES;
				CLANG_WARN_RANGE_LOOP_ANALYSIS = YES;
				CLANG_WARN_STRICT_PROTOTYPES = YES;
				CLANG_WARN_SUSPICIOUS_MOVE = YES;
				CLANG_WARN_UNGUARDED_AVAILABILITY = YES_AGGRESSIVE;
				CLANG_WARN_UNREACHABLE_CODE = YES;
				CLANG_WARN__DUPLICATE_METHOD_MATCH = YES;
				COPY_PHASE_STRIP = NO;
				DEBUG_INFORMATION_FORMAT = dwarf;
				ENABLE_STRICT_OBJC_MSGSEND = YES;
				ENABLE_TESTABILITY = YES;
				GCC_C_LANGUAGE_STANDARD = gnu11;
				GCC_DYNAMIC_NO_PIC = NO;
				GCC_NO_COMMON_BLOCKS = YES;
				GCC_OPTIMIZATION_LEVEL = 0;
				GCC_PREPROCESSOR_DEFINITIONS = (
					"DEBUG=1",
					"$(inherited)",
				);
				GCC_WARN_64_TO_32_BIT_CONVERSION = YES;
				GCC_WARN_ABOUT_RETURN_TYPE = YES_ERROR;
				GCC_WARN_UNDECLARED_SELECTOR = YES;
				GCC_WARN_UNINITIALIZED_AUTOS = YES_AGGRESSIVE;
				GCC_WARN_UNUSED_FUNCTION = YES;
				GCC_WARN_UNUSED_VARIABLE = YES;
				MTL_ENABLE_DEBUG_INFO = INCLUDE_SOURCE;
				MTL_FAST_MATH = YES;
				ONLY_ACTIVE_ARCH = YES;
				SWIFT_ACTIVE_COMPILATION_CONDITIONS = DEBUG;
				SWIFT_OPTIMIZATION_LEVEL = "-Onone";
			};
			name = Debug;
		};
		02DA2C25274120D10043051D /* Release */ = {
			isa = XCBuildConfiguration;
			buildSettings = {
				ALWAYS_SEARCH_USER_PATHS = NO;
				CLANG_ANALYZER_NONNULL = YES;
				CLANG_ANALYZER_NUMBER_OBJECT_CONVERSION = YES_AGGRESSIVE;
				CLANG_CXX_LANGUAGE_STANDARD = "gnu++17";
				CLANG_CXX_LIBRARY = "libc++";
				CLANG_ENABLE_MODULES = YES;
				CLANG_ENABLE_OBJC_ARC = YES;
				CLANG_ENABLE_OBJC_WEAK = YES;
				CLANG_WARN_BLOCK_CAPTURE_AUTORELEASING = YES;
				CLANG_WARN_BOOL_CONVERSION = YES;
				CLANG_WARN_COMMA = YES;
				CLANG_WARN_CONSTANT_CONVERSION = YES;
				CLANG_WARN_DEPRECATED_OBJC_IMPLEMENTATIONS = YES;
				CLANG_WARN_DIRECT_OBJC_ISA_USAGE = YES_ERROR;
				CLANG_WARN_DOCUMENTATION_COMMENTS = YES;
				CLANG_WARN_EMPTY_BODY = YES;
				CLANG_WARN_ENUM_CONVERSION = YES;
				CLANG_WARN_INFINITE_RECURSION = YES;
				CLANG_WARN_INT_CONVERSION = YES;
				CLANG_WARN_NON_LITERAL_NULL_CONVERSION = YES;
				CLANG_WARN_OBJC_IMPLICIT_RETAIN_SELF = YES;
				CLANG_WARN_OBJC_LITERAL_CONVERSION = YES;
				CLANG_WARN_OBJC_ROOT_CLASS = YES_ERROR;
				CLANG_WARN_QUOTED_INCLUDE_IN_FRAMEWORK_HEADER = YES;
				CLANG_WARN_RANGE_LOOP_ANALYSIS = YES;
				CLANG_WARN_STRICT_PROTOTYPES = YES;
				CLANG_WARN_SUSPICIOUS_MOVE = YES;
				CLANG_WARN_UNGUARDED_AVAILABILITY = YES_AGGRESSIVE;
				CLANG_WARN_UNREACHABLE_CODE = YES;
				CLANG_WARN__DUPLICATE_METHOD_MATCH = YES;
				COPY_PHASE_STRIP = NO;
				DEBUG_INFORMATION_FORMAT = "dwarf-with-dsym";
				ENABLE_NS_ASSERTIONS = NO;
				ENABLE_STRICT_OBJC_MSGSEND = YES;
				GCC_C_LANGUAGE_STANDARD = gnu11;
				GCC_NO_COMMON_BLOCKS = YES;
				GCC_WARN_64_TO_32_BIT_CONVERSION = YES;
				GCC_WARN_ABOUT_RETURN_TYPE = YES_ERROR;
				GCC_WARN_UNDECLARED_SELECTOR = YES;
				GCC_WARN_UNINITIALIZED_AUTOS = YES_AGGRESSIVE;
				GCC_WARN_UNUSED_FUNCTION = YES;
				GCC_WARN_UNUSED_VARIABLE = YES;
				MTL_ENABLE_DEBUG_INFO = NO;
				MTL_FAST_MATH = YES;
				SWIFT_COMPILATION_MODE = wholemodule;
				SWIFT_OPTIMIZATION_LEVEL = "-O";
			};
			name = Release;
		};
		02DA2C27274120D10043051D /* Debug */ = {
			isa = XCBuildConfiguration;
			buildSettings = {
				ASSETCATALOG_COMPILER_APPICON_NAME = AppIcon;
				ASSETCATALOG_COMPILER_GLOBAL_ACCENT_COLOR_NAME = AccentColor;
				CODE_SIGN_STYLE = Automatic;
				CURRENT_PROJECT_VERSION = 1;
				DEVELOPMENT_TEAM = 73KJ25DR2U;
				ENABLE_PREVIEWS = YES;
				GENERATE_INFOPLIST_FILE = YES;
				INFOPLIST_KEY_UIApplicationSceneManifest_Generation = YES;
				INFOPLIST_KEY_UIApplicationSupportsIndirectInputEvents = YES;
				INFOPLIST_KEY_UILaunchScreen_Generation = YES;
				INFOPLIST_KEY_UISupportedInterfaceOrientations_iPad = "UIInterfaceOrientationPortrait UIInterfaceOrientationPortraitUpsideDown UIInterfaceOrientationLandscapeLeft UIInterfaceOrientationLandscapeRight";
				INFOPLIST_KEY_UISupportedInterfaceOrientations_iPhone = "UIInterfaceOrientationPortrait UIInterfaceOrientationLandscapeLeft UIInterfaceOrientationLandscapeRight";
				IPHONEOS_DEPLOYMENT_TARGET = 15.0;
				LD_RUNPATH_SEARCH_PATHS = (
					"$(inherited)",
					"@executable_path/Frameworks",
				);
				MARKETING_VERSION = 1.0;
				PRODUCT_BUNDLE_IDENTIFIER = "com.example.apple-samplecode.Landmarks";
				PRODUCT_NAME = Landmarks;
				SDKROOT = iphoneos;
				SWIFT_EMIT_LOC_STRINGS = YES;
				SWIFT_VERSION = 5.0;
				TARGETED_DEVICE_FAMILY = "1,2";
			};
			name = Debug;
		};
		02DA2C28274120D10043051D /* Release */ = {
			isa = XCBuildConfiguration;
			buildSettings = {
				ASSETCATALOG_COMPILER_APPICON_NAME = AppIcon;
				ASSETCATALOG_COMPILER_GLOBAL_ACCENT_COLOR_NAME = AccentColor;
				CODE_SIGN_STYLE = Automatic;
				CURRENT_PROJECT_VERSION = 1;
				DEVELOPMENT_TEAM = 73KJ25DR2U;
				ENABLE_PREVIEWS = YES;
				GENERATE_INFOPLIST_FILE = YES;
				INFOPLIST_KEY_UIApplicationSceneManifest_Generation = YES;
				INFOPLIST_KEY_UIApplicationSupportsIndirectInputEvents = YES;
				INFOPLIST_KEY_UILaunchScreen_Generation = YES;
				INFOPLIST_KEY_UISupportedInterfaceOrientations_iPad = "UIInterfaceOrientationPortrait UIInterfaceOrientationPortraitUpsideDown UIInterfaceOrientationLandscapeLeft UIInterfaceOrientationLandscapeRight";
				INFOPLIST_KEY_UISupportedInterfaceOrientations_iPhone = "UIInterfaceOrientationPortrait UIInterfaceOrientationLandscapeLeft UIInterfaceOrientationLandscapeRight";
				IPHONEOS_DEPLOYMENT_TARGET = 15.0;
				LD_RUNPATH_SEARCH_PATHS = (
					"$(inherited)",
					"@executable_path/Frameworks",
				);
				MARKETING_VERSION = 1.0;
				PRODUCT_BUNDLE_IDENTIFIER = "com.example.apple-samplecode.Landmarks";
				PRODUCT_NAME = Landmarks;
				SDKROOT = iphoneos;
				SWIFT_EMIT_LOC_STRINGS = YES;
				SWIFT_VERSION = 5.0;
				TARGETED_DEVICE_FAMILY = "1,2";
				VALIDATE_PRODUCT = YES;
			};
			name = Release;
		};
		02DA2C2A274120D10043051D /* Debug */ = {
			isa = XCBuildConfiguration;
			buildSettings = {
				ASSETCATALOG_COMPILER_APPICON_NAME = AppIcon;
				ASSETCATALOG_COMPILER_GLOBAL_ACCENT_COLOR_NAME = AccentColor;
				CODE_SIGN_ENTITLEMENTS = macOS/macOS.entitlements;
				CODE_SIGN_STYLE = Automatic;
				COMBINE_HIDPI_IMAGES = YES;
				CURRENT_PROJECT_VERSION = 1;
				DEVELOPMENT_TEAM = 73KJ25DR2U;
				ENABLE_HARDENED_RUNTIME = YES;
				ENABLE_PREVIEWS = YES;
				GENERATE_INFOPLIST_FILE = YES;
				INFOPLIST_KEY_NSHumanReadableCopyright = "";
				LD_RUNPATH_SEARCH_PATHS = (
					"$(inherited)",
					"@executable_path/../Frameworks",
				);
				MACOSX_DEPLOYMENT_TARGET = 11.5;
				MARKETING_VERSION = 1.0;
				PRODUCT_BUNDLE_IDENTIFIER = "com.example.apple-samplecode.Landmarks";
				PRODUCT_NAME = Landmarks;
				SDKROOT = macosx;
				SWIFT_EMIT_LOC_STRINGS = YES;
				SWIFT_VERSION = 5.0;
			};
			name = Debug;
		};
		02DA2C2B274120D10043051D /* Release */ = {
			isa = XCBuildConfiguration;
			buildSettings = {
				ASSETCATALOG_COMPILER_APPICON_NAME = AppIcon;
				ASSETCATALOG_COMPILER_GLOBAL_ACCENT_COLOR_NAME = AccentColor;
				CODE_SIGN_ENTITLEMENTS = macOS/macOS.entitlements;
				CODE_SIGN_STYLE = Automatic;
				COMBINE_HIDPI_IMAGES = YES;
				CURRENT_PROJECT_VERSION = 1;
				DEVELOPMENT_TEAM = 73KJ25DR2U;
				ENABLE_HARDENED_RUNTIME = YES;
				ENABLE_PREVIEWS = YES;
				GENERATE_INFOPLIST_FILE = YES;
				INFOPLIST_KEY_NSHumanReadableCopyright = "";
				LD_RUNPATH_SEARCH_PATHS = (
					"$(inherited)",
					"@executable_path/../Frameworks",
				);
				MACOSX_DEPLOYMENT_TARGET = 11.5;
				MARKETING_VERSION = 1.0;
				PRODUCT_BUNDLE_IDENTIFIER = "com.example.apple-samplecode.Landmarks";
				PRODUCT_NAME = Landmarks;
				SDKROOT = macosx;
				SWIFT_EMIT_LOC_STRINGS = YES;
				SWIFT_VERSION = 5.0;
			};
			name = Release;
		};
		02DA2C2D274120D10043051D /* Debug */ = {
			isa = XCBuildConfiguration;
			buildSettings = {
				ALWAYS_EMBED_SWIFT_STANDARD_LIBRARIES = YES;
				CODE_SIGN_STYLE = Automatic;
				CURRENT_PROJECT_VERSION = 1;
				DEVELOPMENT_TEAM = 73KJ25DR2U;
				GENERATE_INFOPLIST_FILE = YES;
				IPHONEOS_DEPLOYMENT_TARGET = 15.0;
				LD_RUNPATH_SEARCH_PATHS = (
					"$(inherited)",
					"@executable_path/Frameworks",
					"@loader_path/Frameworks",
				);
				MARKETING_VERSION = 1.0;
				PRODUCT_BUNDLE_IDENTIFIER = "com.example.apple-samplecode.Tests-iOS";
				PRODUCT_NAME = "$(TARGET_NAME)";
				SDKROOT = iphoneos;
				SWIFT_EMIT_LOC_STRINGS = NO;
				SWIFT_VERSION = 5.0;
				TARGETED_DEVICE_FAMILY = "1,2";
				TEST_TARGET_NAME = "Landmarks (iOS)";
			};
			name = Debug;
		};
		02DA2C2E274120D10043051D /* Release */ = {
			isa = XCBuildConfiguration;
			buildSettings = {
				ALWAYS_EMBED_SWIFT_STANDARD_LIBRARIES = YES;
				CODE_SIGN_STYLE = Automatic;
				CURRENT_PROJECT_VERSION = 1;
				DEVELOPMENT_TEAM = 73KJ25DR2U;
				GENERATE_INFOPLIST_FILE = YES;
				IPHONEOS_DEPLOYMENT_TARGET = 15.0;
				LD_RUNPATH_SEARCH_PATHS = (
					"$(inherited)",
					"@executable_path/Frameworks",
					"@loader_path/Frameworks",
				);
				MARKETING_VERSION = 1.0;
				PRODUCT_BUNDLE_IDENTIFIER = "com.example.apple-samplecode.Tests-iOS";
				PRODUCT_NAME = "$(TARGET_NAME)";
				SDKROOT = iphoneos;
				SWIFT_EMIT_LOC_STRINGS = NO;
				SWIFT_VERSION = 5.0;
				TARGETED_DEVICE_FAMILY = "1,2";
				TEST_TARGET_NAME = "Landmarks (iOS)";
				VALIDATE_PRODUCT = YES;
			};
			name = Release;
		};
		02DA2C30274120D10043051D /* Debug */ = {
			isa = XCBuildConfiguration;
			buildSettings = {
				ALWAYS_EMBED_SWIFT_STANDARD_LIBRARIES = YES;
				CODE_SIGN_STYLE = Automatic;
				COMBINE_HIDPI_IMAGES = YES;
				CURRENT_PROJECT_VERSION = 1;
				DEVELOPMENT_TEAM = 73KJ25DR2U;
				GENERATE_INFOPLIST_FILE = YES;
				LD_RUNPATH_SEARCH_PATHS = (
					"$(inherited)",
					"@executable_path/../Frameworks",
					"@loader_path/../Frameworks",
				);
				MACOSX_DEPLOYMENT_TARGET = 11.5;
				MARKETING_VERSION = 1.0;
				PRODUCT_BUNDLE_IDENTIFIER = "com.example.apple-samplecode.Tests-macOS";
				PRODUCT_NAME = "$(TARGET_NAME)";
				SDKROOT = macosx;
				SWIFT_EMIT_LOC_STRINGS = NO;
				SWIFT_VERSION = 5.0;
				TEST_TARGET_NAME = "Landmarks (macOS)";
			};
			name = Debug;
		};
		02DA2C31274120D10043051D /* Release */ = {
			isa = XCBuildConfiguration;
			buildSettings = {
				ALWAYS_EMBED_SWIFT_STANDARD_LIBRARIES = YES;
				CODE_SIGN_STYLE = Automatic;
				COMBINE_HIDPI_IMAGES = YES;
				CURRENT_PROJECT_VERSION = 1;
				DEVELOPMENT_TEAM = 73KJ25DR2U;
				GENERATE_INFOPLIST_FILE = YES;
				LD_RUNPATH_SEARCH_PATHS = (
					"$(inherited)",
					"@executable_path/../Frameworks",
					"@loader_path/../Frameworks",
				);
				MACOSX_DEPLOYMENT_TARGET = 11.5;
				MARKETING_VERSION = 1.0;
				PRODUCT_BUNDLE_IDENTIFIER = "com.example.apple-samplecode.Tests-macOS";
				PRODUCT_NAME = "$(TARGET_NAME)";
				SDKROOT = macosx;
				SWIFT_EMIT_LOC_STRINGS = NO;
				SWIFT_VERSION = 5.0;
				TEST_TARGET_NAME = "Landmarks (macOS)";
			};
			name = Release;
		};
/* End XCBuildConfiguration section */

/* Begin XCConfigurationList section */
		02DA2BF4274120CF0043051D /* Build configuration list for PBXProject "Landmarks" */ = {
			isa = XCConfigurationList;
			buildConfigurations = (
				02DA2C24274120D10043051D /* Debug */,
				02DA2C25274120D10043051D /* Release */,
			);
			defaultConfigurationIsVisible = 0;
			defaultConfigurationName = Release;
		};
		02DA2C26274120D10043051D /* Build configuration list for PBXNativeTarget "Landmarks (iOS)" */ = {
			isa = XCConfigurationList;
			buildConfigurations = (
				02DA2C27274120D10043051D /* Debug */,
				02DA2C28274120D10043051D /* Release */,
			);
			defaultConfigurationIsVisible = 0;
			defaultConfigurationName = Release;
		};
		02DA2C29274120D10043051D /* Build configuration list for PBXNativeTarget "Landmarks (macOS)" */ = {
			isa = XCConfigurationList;
			buildConfigurations = (
				02DA2C2A274120D10043051D /* Debug */,
				02DA2C2B274120D10043051D /* Release */,
			);
			defaultConfigurationIsVisible = 0;
			defaultConfigurationName = Release;
		};
		02DA2C2C274120D10043051D /* Build configuration list for PBXNativeTarget "Tests iOS" */ = {
			isa = XCConfigurationList;
			buildConfigurations = (
				02DA2C2D274120D10043051D /* Debug */,
				02DA2C2E274120D10043051D /* Release */,
			);
			defaultConfigurationIsVisible = 0;
			defaultConfigurationName = Release;
		};
		02DA2C2F274120D10043051D /* Build configuration list for PBXNativeTarget "Tests macOS" */ = {
			isa = XCConfigurationList;
			buildConfigurations = (
				02DA2C30274120D10043051D /* Debug */,
				02DA2C31274120D10043051D /* Release */,
			);
			defaultConfigurationIsVisible = 0;
			defaultConfigurationName = Release;
		};
/* End XCConfigurationList section */
	};
	rootObject = 02DA2BF1274120CF0043051D /* Project object */;
}
